
Microsoft Visual Studio Solution File, Format Version 12.00
# Visual Studio Version 17
VisualStudioVersion = 17.1.32421.90
MinimumVisualStudioVersion = 10.0.40219.1
Project("{FAE04EC0-301F-11D3-BF4B-00C04F79EFBC}") = "ConsoleApp1", "ConsoleApp1\ConsoleApp1.csproj", "{AB6222B8-1EA7-4731-A155-59419A4E239A}"
EndProject
Project("{2150E333-8FDC-42A3-9474-1A3956D46DE8}") = "Solution Items", "Solution Items", "{F0852F36-CD70-4BB1-ABDF-00747561F7E6}"
EndProject
Global
	GlobalSection(SolutionConfigurationPlatforms) = preSolution
		Debug|Any CPU = Debug|Any CPU
		Release|Any CPU = Release|Any CPU
	EndGlobalSection
	GlobalSection(ProjectConfigurationPlatforms) = postSolution
		{AB6222B8-1EA7-4731-A155-59419A4E239A}.Debug|Any CPU.ActiveCfg = Debug|Any CPU
		{AB6222B8-1EA7-4731-A155-59419A4E239A}.Debug|Any CPU.Build.0 = Debug|Any CPU
		{AB6222B8-1EA7-4731-A155-59419A4E239A}.Release|Any CPU.ActiveCfg = Release|Any CPU
		{AB6222B8-1EA7-4731-A155-59419A4E239A}.Release|Any CPU.Build.0 = Release|Any CPU
	EndGlobalSection
	GlobalSection(SolutionProperties) = preSolution
		HideSolutionNode = FALSE
	EndGlobalSection
	GlobalSection(ExtensibilityGlobals) = postSolution
		SolutionGuid = {017090B8-F271-4CA4-97F2-42E2F12FBF1A}
	EndGlobalSection
EndGlobal
